
Microsoft Visual Studio Solution File, Format Version 12.00
# Visual Studio Version 16
VisualStudioVersion = 16.0.30717.126
MinimumVisualStudioVersion = 10.0.40219.1
Project("{FAE04EC0-301F-11D3-BF4B-00C04F79EFBC}") = "LOJ1022", "LOJ1022\LOJ1022.csproj", "{7190F0DC-CE87-4EB0-8BBB-5E4B1EFE1A4A}"
EndProject
Global
	GlobalSection(SolutionConfigurationPlatforms) = preSolution
		Debug|Any CPU = Debug|Any CPU
		Release|Any CPU = Release|Any CPU
	EndGlobalSection
	GlobalSection(ProjectConfigurationPlatforms) = postSolution
		{7190F0DC-CE87-4EB0-8BBB-5E4B1EFE1A4A}.Debug|Any CPU.ActiveCfg = Debug|Any CPU
		{7190F0DC-CE87-4EB0-8BBB-5E4B1EFE1A4A}.Debug|Any CPU.Build.0 = Debug|Any CPU
		{7190F0DC-CE87-4EB0-8BBB-5E4B1EFE1A4A}.Release|Any CPU.ActiveCfg = Release|Any CPU
		{7190F0DC-CE87-4EB0-8BBB-5E4B1EFE1A4A}.Release|Any CPU.Build.0 = Release|Any CPU
	EndGlobalSection
	GlobalSection(SolutionProperties) = preSolution
		HideSolutionNode = FALSE
	EndGlobalSection
	GlobalSection(ExtensibilityGlobals) = postSolution
		SolutionGuid = {FFA97215-6AEE-45B7-AE23-BFB7E5082404}
	EndGlobalSection
EndGlobal
