
Microsoft Visual Studio Solution File, Format Version 12.00
# Visual Studio Version 17
VisualStudioVersion = 17.3.32825.248
MinimumVisualStudioVersion = 10.0.40219.1
Project("{FAE04EC0-301F-11D3-BF4B-00C04F79EFBC}") = "stickler theif", "stickler theif\stickler theif.csproj", "{BD55B400-8949-4265-9A1C-BFCE8308C9E1}"
EndProject
Global
	GlobalSection(SolutionConfigurationPlatforms) = preSolution
		Debug|Any CPU = Debug|Any CPU
		Release|Any CPU = Release|Any CPU
	EndGlobalSection
	GlobalSection(ProjectConfigurationPlatforms) = postSolution
		{BD55B400-8949-4265-9A1C-BFCE8308C9E1}.Debug|Any CPU.ActiveCfg = Debug|Any CPU
		{BD55B400-8949-4265-9A1C-BFCE8308C9E1}.Debug|Any CPU.Build.0 = Debug|Any CPU
		{BD55B400-8949-4265-9A1C-BFCE8308C9E1}.Release|Any CPU.ActiveCfg = Release|Any CPU
		{BD55B400-8949-4265-9A1C-BFCE8308C9E1}.Release|Any CPU.Build.0 = Release|Any CPU
	EndGlobalSection
	GlobalSection(SolutionProperties) = preSolution
		HideSolutionNode = FALSE
	EndGlobalSection
	GlobalSection(ExtensibilityGlobals) = postSolution
		SolutionGuid = {E697E7D4-59B9-46C5-BD69-025F4CF60EF7}
	EndGlobalSection
EndGlobal
