
Microsoft Visual Studio Solution File, Format Version 12.00
# Visual Studio Version 16
VisualStudioVersion = 16.0.30717.126
MinimumVisualStudioVersion = 10.0.40219.1
Project("{FAE04EC0-301F-11D3-BF4B-00C04F79EFBC}") = "LightOJ1001", "LightOJ1001\LightOJ1001.csproj", "{F80A876F-DCA1-4D12-BEC0-D79CCBAF465A}"
EndProject
Global
	GlobalSection(SolutionConfigurationPlatforms) = preSolution
		Debug|Any CPU = Debug|Any CPU
		Release|Any CPU = Release|Any CPU
	EndGlobalSection
	GlobalSection(ProjectConfigurationPlatforms) = postSolution
		{F80A876F-DCA1-4D12-BEC0-D79CCBAF465A}.Debug|Any CPU.ActiveCfg = Debug|Any CPU
		{F80A876F-DCA1-4D12-BEC0-D79CCBAF465A}.Debug|Any CPU.Build.0 = Debug|Any CPU
		{F80A876F-DCA1-4D12-BEC0-D79CCBAF465A}.Release|Any CPU.ActiveCfg = Release|Any CPU
		{F80A876F-DCA1-4D12-BEC0-D79CCBAF465A}.Release|Any CPU.Build.0 = Release|Any CPU
	EndGlobalSection
	GlobalSection(SolutionProperties) = preSolution
		HideSolutionNode = FALSE
	EndGlobalSection
	GlobalSection(ExtensibilityGlobals) = postSolution
		SolutionGuid = {305B8406-6F7E-4C1F-8D39-4F3C235B253C}
	EndGlobalSection
EndGlobal
