
Microsoft Visual Studio Solution File, Format Version 12.00
# Visual Studio Version 17
VisualStudioVersion = 17.4.33213.308
MinimumVisualStudioVersion = 10.0.40219.1
Project("{FAE04EC0-301F-11D3-BF4B-00C04F79EFBC}") = "counting-pair-of-given-sum", "counting-pair-of-given-sum\counting-pair-of-given-sum.csproj", "{DD06AEA3-940A-4581-AFF1-8DBD752AAB5C}"
EndProject
Global
	GlobalSection(SolutionConfigurationPlatforms) = preSolution
		Debug|Any CPU = Debug|Any CPU
		Release|Any CPU = Release|Any CPU
	EndGlobalSection
	GlobalSection(ProjectConfigurationPlatforms) = postSolution
		{DD06AEA3-940A-4581-AFF1-8DBD752AAB5C}.Debug|Any CPU.ActiveCfg = Debug|Any CPU
		{DD06AEA3-940A-4581-AFF1-8DBD752AAB5C}.Debug|Any CPU.Build.0 = Debug|Any CPU
		{DD06AEA3-940A-4581-AFF1-8DBD752AAB5C}.Release|Any CPU.ActiveCfg = Release|Any CPU
		{DD06AEA3-940A-4581-AFF1-8DBD752AAB5C}.Release|Any CPU.Build.0 = Release|Any CPU
	EndGlobalSection
	GlobalSection(SolutionProperties) = preSolution
		HideSolutionNode = FALSE
	EndGlobalSection
	GlobalSection(ExtensibilityGlobals) = postSolution
		SolutionGuid = {109122D6-FED6-4AAE-87E4-9C90C56DD08B}
	EndGlobalSection
EndGlobal
