
Microsoft Visual Studio Solution File, Format Version 12.00
# Visual Studio Version 16
VisualStudioVersion = 16.0.31129.286
MinimumVisualStudioVersion = 10.0.40219.1
Project("{FAE04EC0-301F-11D3-BF4B-00C04F79EFBC}") = "CompareTheTripltes", "CompareTheTripltes\CompareTheTripltes.csproj", "{471171C9-9C58-4C94-BB07-8F185A72A0E5}"
EndProject
Global
	GlobalSection(SolutionConfigurationPlatforms) = preSolution
		Debug|Any CPU = Debug|Any CPU
		Release|Any CPU = Release|Any CPU
	EndGlobalSection
	GlobalSection(ProjectConfigurationPlatforms) = postSolution
		{471171C9-9C58-4C94-BB07-8F185A72A0E5}.Debug|Any CPU.ActiveCfg = Debug|Any CPU
		{471171C9-9C58-4C94-BB07-8F185A72A0E5}.Debug|Any CPU.Build.0 = Debug|Any CPU
		{471171C9-9C58-4C94-BB07-8F185A72A0E5}.Release|Any CPU.ActiveCfg = Release|Any CPU
		{471171C9-9C58-4C94-BB07-8F185A72A0E5}.Release|Any CPU.Build.0 = Release|Any CPU
	EndGlobalSection
	GlobalSection(SolutionProperties) = preSolution
		HideSolutionNode = FALSE
	EndGlobalSection
	GlobalSection(ExtensibilityGlobals) = postSolution
		SolutionGuid = {7CE5A7C1-4E29-476F-94A9-2CC09B416156}
	EndGlobalSection
EndGlobal
